
Microsoft Visual Studio Solution File, Format Version 12.00
# Visual Studio Version 16
VisualStudioVersion = 16.0.30002.166
MinimumVisualStudioVersion = 10.0.40219.1
Project("{8BC9CEB8-8B4A-11D0-8D11-00A0C91BC942}") = "1er jeux", "1er jeux.vcxproj", "{AB8E7D98-8DF2-4542-B07F-43AEF735E9A5}"
EndProject
Global
	GlobalSection(SolutionConfigurationPlatforms) = preSolution
		Debug|x64 = Debug|x64
		Debug|x86 = Debug|x86
		Release|x64 = Release|x64
		Release|x86 = Release|x86
	EndGlobalSection
	GlobalSection(ProjectConfigurationPlatforms) = postSolution
		{AB8E7D98-8DF2-4542-B07F-43AEF735E9A5}.Debug|x64.ActiveCfg = Debug|x64
		{AB8E7D98-8DF2-4542-B07F-43AEF735E9A5}.Debug|x64.Build.0 = Debug|x64
		{AB8E7D98-8DF2-4542-B07F-43AEF735E9A5}.Debug|x86.ActiveCfg = Debug|Win32
		{AB8E7D98-8DF2-4542-B07F-43AEF735E9A5}.Debug|x86.Build.0 = Debug|Win32
		{AB8E7D98-8DF2-4542-B07F-43AEF735E9A5}.Release|x64.ActiveCfg = Release|x64
		{AB8E7D98-8DF2-4542-B07F-43AEF735E9A5}.Release|x64.Build.0 = Release|x64
		{AB8E7D98-8DF2-4542-B07F-43AEF735E9A5}.Release|x86.ActiveCfg = Release|Win32
		{AB8E7D98-8DF2-4542-B07F-43AEF735E9A5}.Release|x86.Build.0 = Release|Win32
	EndGlobalSection
	GlobalSection(SolutionProperties) = preSolution
		HideSolutionNode = FALSE
	EndGlobalSection
	GlobalSection(ExtensibilityGlobals) = postSolution
		SolutionGuid = {D86CFC27-C77C-4879-A5BE-AC8BD4A3AD22}
	EndGlobalSection
EndGlobal
